
Microsoft Visual Studio Solution File, Format Version 12.00
# Visual Studio Version 16
VisualStudioVersion = 16.0.31025.194
MinimumVisualStudioVersion = 10.0.40219.1
Project("{9A19103F-16F7-4668-BE54-9A1E7A4F7556}") = "resilient_client_sample", "source\resilient_client_example\resilient_client_sample.csproj", "{1D459DD9-778A-4A7B-9FFF-27E2E5F4721C}"
EndProject
Project("{9A19103F-16F7-4668-BE54-9A1E7A4F7556}") = "SampleEndpoint", "source\SampleEndpoint\SampleEndpoint.csproj", "{12FA4E3F-6554-4274-8F55-98A741AB3D6F}"
EndProject
Global
	GlobalSection(SolutionConfigurationPlatforms) = preSolution
		Debug|Any CPU = Debug|Any CPU
		Release|Any CPU = Release|Any CPU
	EndGlobalSection
	GlobalSection(ProjectConfigurationPlatforms) = postSolution
		{1D459DD9-778A-4A7B-9FFF-27E2E5F4721C}.Debug|Any CPU.ActiveCfg = Debug|Any CPU
		{1D459DD9-778A-4A7B-9FFF-27E2E5F4721C}.Debug|Any CPU.Build.0 = Debug|Any CPU
		{1D459DD9-778A-4A7B-9FFF-27E2E5F4721C}.Release|Any CPU.ActiveCfg = Release|Any CPU
		{1D459DD9-778A-4A7B-9FFF-27E2E5F4721C}.Release|Any CPU.Build.0 = Release|Any CPU
		{12FA4E3F-6554-4274-8F55-98A741AB3D6F}.Debug|Any CPU.ActiveCfg = Debug|Any CPU
		{12FA4E3F-6554-4274-8F55-98A741AB3D6F}.Debug|Any CPU.Build.0 = Debug|Any CPU
		{12FA4E3F-6554-4274-8F55-98A741AB3D6F}.Release|Any CPU.ActiveCfg = Release|Any CPU
		{12FA4E3F-6554-4274-8F55-98A741AB3D6F}.Release|Any CPU.Build.0 = Release|Any CPU
	EndGlobalSection
	GlobalSection(SolutionProperties) = preSolution
		HideSolutionNode = FALSE
	EndGlobalSection
	GlobalSection(ExtensibilityGlobals) = postSolution
		SolutionGuid = {3E1BC513-1489-456D-9C16-9B9324FCFCE3}
	EndGlobalSection
EndGlobal
